
Microsoft Visual Studio Solution File, Format Version 12.00
# Visual Studio Version 17
VisualStudioVersion = 17.3.32825.248
MinimumVisualStudioVersion = 10.0.40219.1
Project("{FAE04EC0-301F-11D3-BF4B-00C04F79EFBC}") = "OrangeTreeSim", "OrangeTreeSim\OrangeTreeSim.csproj", "{8D6D8B12-89F2-4403-8988-189AC28DEE5F}"
EndProject
Project("{FAE04EC0-301F-11D3-BF4B-00C04F79EFBC}") = "OrangeTreeTest", "OrangeTreeTest\OrangeTreeTest.csproj", "{925B32F3-FACE-46BE-980B-70D62DF39819}"
EndProject
Global
	GlobalSection(SolutionConfigurationPlatforms) = preSolution
		Debug|Any CPU = Debug|Any CPU
		Release|Any CPU = Release|Any CPU
	EndGlobalSection
	GlobalSection(ProjectConfigurationPlatforms) = postSolution
		{8D6D8B12-89F2-4403-8988-189AC28DEE5F}.Debug|Any CPU.ActiveCfg = Debug|Any CPU
		{8D6D8B12-89F2-4403-8988-189AC28DEE5F}.Debug|Any CPU.Build.0 = Debug|Any CPU
		{8D6D8B12-89F2-4403-8988-189AC28DEE5F}.Release|Any CPU.ActiveCfg = Release|Any CPU
		{8D6D8B12-89F2-4403-8988-189AC28DEE5F}.Release|Any CPU.Build.0 = Release|Any CPU
		{925B32F3-FACE-46BE-980B-70D62DF39819}.Debug|Any CPU.ActiveCfg = Debug|Any CPU
		{925B32F3-FACE-46BE-980B-70D62DF39819}.Debug|Any CPU.Build.0 = Debug|Any CPU
		{925B32F3-FACE-46BE-980B-70D62DF39819}.Release|Any CPU.ActiveCfg = Release|Any CPU
		{925B32F3-FACE-46BE-980B-70D62DF39819}.Release|Any CPU.Build.0 = Release|Any CPU
	EndGlobalSection
	GlobalSection(SolutionProperties) = preSolution
		HideSolutionNode = FALSE
	EndGlobalSection
	GlobalSection(ExtensibilityGlobals) = postSolution
		SolutionGuid = {3D7DAEF9-093D-44C9-AB91-7B6A22DE5872}
	EndGlobalSection
EndGlobal
