
Microsoft Visual Studio Solution File, Format Version 12.00
# Visual Studio Version 17
VisualStudioVersion = 17.3.32825.248
MinimumVisualStudioVersion = 10.0.40219.1
Project("{FAE04EC0-301F-11D3-BF4B-00C04F79EFBC}") = "ToUpper", "ToUpper\ToUpper.csproj", "{D0626CBE-01E3-4A0E-BEB1-5768D636863D}"
EndProject
Global
	GlobalSection(SolutionConfigurationPlatforms) = preSolution
		Debug|Any CPU = Debug|Any CPU
		Release|Any CPU = Release|Any CPU
	EndGlobalSection
	GlobalSection(ProjectConfigurationPlatforms) = postSolution
		{D0626CBE-01E3-4A0E-BEB1-5768D636863D}.Debug|Any CPU.ActiveCfg = Debug|Any CPU
		{D0626CBE-01E3-4A0E-BEB1-5768D636863D}.Debug|Any CPU.Build.0 = Debug|Any CPU
		{D0626CBE-01E3-4A0E-BEB1-5768D636863D}.Release|Any CPU.ActiveCfg = Release|Any CPU
		{D0626CBE-01E3-4A0E-BEB1-5768D636863D}.Release|Any CPU.Build.0 = Release|Any CPU
	EndGlobalSection
	GlobalSection(SolutionProperties) = preSolution
		HideSolutionNode = FALSE
	EndGlobalSection
	GlobalSection(ExtensibilityGlobals) = postSolution
		SolutionGuid = {2401E1FC-9B36-46E0-9A92-40E57D380B1A}
	EndGlobalSection
EndGlobal
