
Microsoft Visual Studio Solution File, Format Version 12.00
# Visual Studio Version 17
VisualStudioVersion = 17.3.32825.248
MinimumVisualStudioVersion = 10.0.40219.1
Project("{9A19103F-16F7-4668-BE54-9A1E7A4F7556}") = "Calculator", "Calculator\Calculator.csproj", "{7DA16A5A-D5D9-45DE-AAB4-47A91FBA0C53}"
EndProject
Project("{FAE04EC0-301F-11D3-BF4B-00C04F79EFBC}") = "CalculatorTest", "CalculatorTest\CalculatorTest.csproj", "{7D08E58E-B2DB-40F8-B42B-0C0584F4343E}"
EndProject
Global
	GlobalSection(SolutionConfigurationPlatforms) = preSolution
		Debug|Any CPU = Debug|Any CPU
		Release|Any CPU = Release|Any CPU
	EndGlobalSection
	GlobalSection(ProjectConfigurationPlatforms) = postSolution
		{7DA16A5A-D5D9-45DE-AAB4-47A91FBA0C53}.Debug|Any CPU.ActiveCfg = Debug|Any CPU
		{7DA16A5A-D5D9-45DE-AAB4-47A91FBA0C53}.Debug|Any CPU.Build.0 = Debug|Any CPU
		{7DA16A5A-D5D9-45DE-AAB4-47A91FBA0C53}.Release|Any CPU.ActiveCfg = Release|Any CPU
		{7DA16A5A-D5D9-45DE-AAB4-47A91FBA0C53}.Release|Any CPU.Build.0 = Release|Any CPU
		{7D08E58E-B2DB-40F8-B42B-0C0584F4343E}.Debug|Any CPU.ActiveCfg = Debug|Any CPU
		{7D08E58E-B2DB-40F8-B42B-0C0584F4343E}.Debug|Any CPU.Build.0 = Debug|Any CPU
		{7D08E58E-B2DB-40F8-B42B-0C0584F4343E}.Release|Any CPU.ActiveCfg = Release|Any CPU
		{7D08E58E-B2DB-40F8-B42B-0C0584F4343E}.Release|Any CPU.Build.0 = Release|Any CPU
	EndGlobalSection
	GlobalSection(SolutionProperties) = preSolution
		HideSolutionNode = FALSE
	EndGlobalSection
	GlobalSection(ExtensibilityGlobals) = postSolution
		SolutionGuid = {857C3F28-BAC0-4BB5-9A76-FAB92DD2DA45}
	EndGlobalSection
EndGlobal
