
Microsoft Visual Studio Solution File, Format Version 12.00
# Visual Studio Version 17
VisualStudioVersion = 17.3.32825.248
MinimumVisualStudioVersion = 10.0.40219.1
Project("{FAE04EC0-301F-11D3-BF4B-00C04F79EFBC}") = "ObserverPatternAcademy", "ObserverPatternAcademy\ObserverPatternAcademy.csproj", "{C612BC76-78FC-44FB-85C2-D40D1ACD96CE}"
EndProject
Global
	GlobalSection(SolutionConfigurationPlatforms) = preSolution
		Debug|Any CPU = Debug|Any CPU
		Release|Any CPU = Release|Any CPU
	EndGlobalSection
	GlobalSection(ProjectConfigurationPlatforms) = postSolution
		{C612BC76-78FC-44FB-85C2-D40D1ACD96CE}.Debug|Any CPU.ActiveCfg = Debug|Any CPU
		{C612BC76-78FC-44FB-85C2-D40D1ACD96CE}.Debug|Any CPU.Build.0 = Debug|Any CPU
		{C612BC76-78FC-44FB-85C2-D40D1ACD96CE}.Release|Any CPU.ActiveCfg = Release|Any CPU
		{C612BC76-78FC-44FB-85C2-D40D1ACD96CE}.Release|Any CPU.Build.0 = Release|Any CPU
	EndGlobalSection
	GlobalSection(SolutionProperties) = preSolution
		HideSolutionNode = FALSE
	EndGlobalSection
	GlobalSection(ExtensibilityGlobals) = postSolution
		SolutionGuid = {87D050C0-2CBF-49DB-BF45-D0C6BE84EEEA}
	EndGlobalSection
EndGlobal
