
Microsoft Visual Studio Solution File, Format Version 12.00
# Visual Studio Version 17
VisualStudioVersion = 17.3.32825.248
MinimumVisualStudioVersion = 10.0.40219.1
Project("{FAE04EC0-301F-11D3-BF4B-00C04F79EFBC}") = "ADT", "ADT\ADT.csproj", "{DA5900CD-F53D-4CC7-B0E9-238B3E1D0D82}"
EndProject
Project("{FAE04EC0-301F-11D3-BF4B-00C04F79EFBC}") = "TestProject1", "TestProject1\TestProject1.csproj", "{6A7460D3-6A02-4DD2-98C1-4085292AC93D}"
EndProject
Global
	GlobalSection(SolutionConfigurationPlatforms) = preSolution
		Debug|Any CPU = Debug|Any CPU
		Release|Any CPU = Release|Any CPU
	EndGlobalSection
	GlobalSection(ProjectConfigurationPlatforms) = postSolution
		{DA5900CD-F53D-4CC7-B0E9-238B3E1D0D82}.Debug|Any CPU.ActiveCfg = Debug|Any CPU
		{DA5900CD-F53D-4CC7-B0E9-238B3E1D0D82}.Debug|Any CPU.Build.0 = Debug|Any CPU
		{DA5900CD-F53D-4CC7-B0E9-238B3E1D0D82}.Release|Any CPU.ActiveCfg = Release|Any CPU
		{DA5900CD-F53D-4CC7-B0E9-238B3E1D0D82}.Release|Any CPU.Build.0 = Release|Any CPU
		{6A7460D3-6A02-4DD2-98C1-4085292AC93D}.Debug|Any CPU.ActiveCfg = Debug|Any CPU
		{6A7460D3-6A02-4DD2-98C1-4085292AC93D}.Debug|Any CPU.Build.0 = Debug|Any CPU
		{6A7460D3-6A02-4DD2-98C1-4085292AC93D}.Release|Any CPU.ActiveCfg = Release|Any CPU
		{6A7460D3-6A02-4DD2-98C1-4085292AC93D}.Release|Any CPU.Build.0 = Release|Any CPU
	EndGlobalSection
	GlobalSection(SolutionProperties) = preSolution
		HideSolutionNode = FALSE
	EndGlobalSection
	GlobalSection(ExtensibilityGlobals) = postSolution
		SolutionGuid = {42ECF023-8251-4146-B57F-6A1ABFF5C4F4}
	EndGlobalSection
EndGlobal
