
Microsoft Visual Studio Solution File, Format Version 12.00
# Visual Studio Version 17
VisualStudioVersion = 17.3.32825.248
MinimumVisualStudioVersion = 10.0.40219.1
Project("{FAE04EC0-301F-11D3-BF4B-00C04F79EFBC}") = "Persistens", "Persistens\Persistens.csproj", "{9706D069-5D74-485D-ABDF-020A1091F63A}"
EndProject
Project("{FAE04EC0-301F-11D3-BF4B-00C04F79EFBC}") = "PersistensTest", "PersistensTest\PersistensTest.csproj", "{F85D20C5-8EC9-452A-ABB6-5CEC1EA4FD7E}"
EndProject
Global
	GlobalSection(SolutionConfigurationPlatforms) = preSolution
		Debug|Any CPU = Debug|Any CPU
		Release|Any CPU = Release|Any CPU
	EndGlobalSection
	GlobalSection(ProjectConfigurationPlatforms) = postSolution
		{9706D069-5D74-485D-ABDF-020A1091F63A}.Debug|Any CPU.ActiveCfg = Debug|Any CPU
		{9706D069-5D74-485D-ABDF-020A1091F63A}.Debug|Any CPU.Build.0 = Debug|Any CPU
		{9706D069-5D74-485D-ABDF-020A1091F63A}.Release|Any CPU.ActiveCfg = Release|Any CPU
		{9706D069-5D74-485D-ABDF-020A1091F63A}.Release|Any CPU.Build.0 = Release|Any CPU
		{F85D20C5-8EC9-452A-ABB6-5CEC1EA4FD7E}.Debug|Any CPU.ActiveCfg = Debug|Any CPU
		{F85D20C5-8EC9-452A-ABB6-5CEC1EA4FD7E}.Debug|Any CPU.Build.0 = Debug|Any CPU
		{F85D20C5-8EC9-452A-ABB6-5CEC1EA4FD7E}.Release|Any CPU.ActiveCfg = Release|Any CPU
		{F85D20C5-8EC9-452A-ABB6-5CEC1EA4FD7E}.Release|Any CPU.Build.0 = Release|Any CPU
	EndGlobalSection
	GlobalSection(SolutionProperties) = preSolution
		HideSolutionNode = FALSE
	EndGlobalSection
	GlobalSection(ExtensibilityGlobals) = postSolution
		SolutionGuid = {302E8EE5-040A-45C7-B9FC-2E62A38BFCC1}
	EndGlobalSection
EndGlobal
