
Microsoft Visual Studio Solution File, Format Version 12.00
# Visual Studio Version 17
VisualStudioVersion = 17.3.32825.248
MinimumVisualStudioVersion = 10.0.40219.1
Project("{FAE04EC0-301F-11D3-BF4B-00C04F79EFBC}") = "TusindfrydWPF", "TusindfrydWPF\TusindfrydWPF.csproj", "{5B1D5648-C336-4A37-9245-2CA6047FAE81}"
EndProject
Global
	GlobalSection(SolutionConfigurationPlatforms) = preSolution
		Debug|Any CPU = Debug|Any CPU
		Release|Any CPU = Release|Any CPU
	EndGlobalSection
	GlobalSection(ProjectConfigurationPlatforms) = postSolution
		{5B1D5648-C336-4A37-9245-2CA6047FAE81}.Debug|Any CPU.ActiveCfg = Debug|Any CPU
		{5B1D5648-C336-4A37-9245-2CA6047FAE81}.Debug|Any CPU.Build.0 = Debug|Any CPU
		{5B1D5648-C336-4A37-9245-2CA6047FAE81}.Release|Any CPU.ActiveCfg = Release|Any CPU
		{5B1D5648-C336-4A37-9245-2CA6047FAE81}.Release|Any CPU.Build.0 = Release|Any CPU
	EndGlobalSection
	GlobalSection(SolutionProperties) = preSolution
		HideSolutionNode = FALSE
	EndGlobalSection
	GlobalSection(ExtensibilityGlobals) = postSolution
		SolutionGuid = {C16E74BA-A9F1-457C-ABDD-7458FC28780C}
	EndGlobalSection
EndGlobal
