
Microsoft Visual Studio Solution File, Format Version 12.00
# Visual Studio Version 17
VisualStudioVersion = 17.3.32825.248
MinimumVisualStudioVersion = 10.0.40219.1
Project("{FAE04EC0-301F-11D3-BF4B-00C04F79EFBC}") = "WPFSimpleGUI", "WPFSimpleGUI\WPFSimpleGUI.csproj", "{1AEFB1E7-3677-4719-B758-33E8B76DB855}"
EndProject
Global
	GlobalSection(SolutionConfigurationPlatforms) = preSolution
		Debug|Any CPU = Debug|Any CPU
		Release|Any CPU = Release|Any CPU
	EndGlobalSection
	GlobalSection(ProjectConfigurationPlatforms) = postSolution
		{1AEFB1E7-3677-4719-B758-33E8B76DB855}.Debug|Any CPU.ActiveCfg = Debug|Any CPU
		{1AEFB1E7-3677-4719-B758-33E8B76DB855}.Debug|Any CPU.Build.0 = Debug|Any CPU
		{1AEFB1E7-3677-4719-B758-33E8B76DB855}.Release|Any CPU.ActiveCfg = Release|Any CPU
		{1AEFB1E7-3677-4719-B758-33E8B76DB855}.Release|Any CPU.Build.0 = Release|Any CPU
	EndGlobalSection
	GlobalSection(SolutionProperties) = preSolution
		HideSolutionNode = FALSE
	EndGlobalSection
	GlobalSection(ExtensibilityGlobals) = postSolution
		SolutionGuid = {72502EBD-68AC-4F58-A6B9-C3DE2B0FBC39}
	EndGlobalSection
EndGlobal
